<?xml version="1.0" encoding="utf-8"?>
<Project ToolsVersion="4.0" xmlns="http://schemas.microsoft.com/developer/msbuild/2003">
  <ItemGroup>
    <Filter Include="Source Files">
      <UniqueIdentifier>{4FC737F1-C7A5-4376-A066-2A32D752A2FF}</UniqueIdentifier>
      <Extensions>cpp;c;cc;cxx;c++;cppm;ixx;def;odl;idl;hpj;bat;asm;asmx</Extensions>
    </Filter>
    <Filter Include="Header Files">
      <UniqueIdentifier>{93995380-89BD-4b04-88EB-625FBE52EBFB}</UniqueIdentifier>
      <Extensions>h;hh;hpp;hxx;h++;hm;inl;inc;ipp;xsd</Extensions>
    </Filter>
    <Filter Include="Resource Files">
      <UniqueIdentifier>{67DA6AB6-F800-4c08-8B7A-83BB121AAD01}</UniqueIdentifier>
      <Extensions>rc;ico;cur;bmp;dlg;rc2;rct;bin;rgs;gif;jpg;jpeg;jpe;resx;tiff;tif;png;wav;mfcribbon-ms</Extensions>
    </Filter>
    <Filter Include="Profile">
      <UniqueIdentifier>{29eaf9ba-8214-464e-a226-f53fcbe04a41}</UniqueIdentifier>
    </Filter>
  </ItemGroup>
  <ItemGroup>
    <ClCompile Include="App.cpp">
      <Filter>Source Files</Filter>
    </ClCompile>
    <ClCompile Include="FrameMain.cpp">
      <Filter>Source Files</Filter>
    </ClCompile>
    <ClCompile Include="Formatting.cpp">
      <Filter>Header Files</Filter>
    </ClCompile>
    <ClCompile Include="MD5.cpp">
      <Filter>Source Files</Filter>
    </ClCompile>
    <ClCompile Include="Dashboard.cpp">
      <Filter>Source Files</Filter>
    </ClCompile>
    <ClCompile Include="DBRequest.cpp">
      <Filter>Header Files</Filter>
    </ClCompile>
    <ClCompile Include="DatePicker.cpp">
      <Filter>Source Files</Filter>
    </ClCompile>
    <ClCompile Include="SystemBar.cpp">
      <Filter>Source Files</Filter>
    </ClCompile>
    <ClCompile Include="UserPanel.cpp">
      <Filter>Source Files</Filter>
    </ClCompile>
    <ClCompile Include="Image.cpp">
      <Filter>Source Files</Filter>
    </ClCompile>
    <ClCompile Include="Theme.cpp">
      <Filter>Source Files</Filter>
    </ClCompile>
    <ClCompile Include="ProfilePanel.cpp">
      <Filter>Profile</Filter>
    </ClCompile>
    <ClCompile Include="ProfileWindow.cpp">
      <Filter>Profile</Filter>
    </ClCompile>
    <ClCompile Include="ProfileDialog.cpp">
      <Filter>Profile</Filter>
    </ClCompile>
  </ItemGroup>
  <ItemGroup>
    <ClInclude Include="FrameMain.h">
      <Filter>Header Files</Filter>
    </ClInclude>
    <ClInclude Include="App.h">
      <Filter>Header Files</Filter>
    </ClInclude>
    <ClInclude Include="Instrumentator.h">
      <Filter>Header Files</Filter>
    </ClInclude>
    <ClInclude Include="Formatting.h">
      <Filter>Header Files</Filter>
    </ClInclude>
    <ClInclude Include="MD5.h">
      <Filter>Header Files</Filter>
    </ClInclude>
    <ClInclude Include="Id.h">
      <Filter>Header Files</Filter>
    </ClInclude>
    <ClInclude Include="Dashboard.h">
      <Filter>Header Files</Filter>
    </ClInclude>
    <ClInclude Include="DBRequest.h">
      <Filter>Header Files</Filter>
    </ClInclude>
    <ClInclude Include="DatePicker.h">
      <Filter>Header Files</Filter>
    </ClInclude>
    <ClInclude Include="SystemBar.h">
      <Filter>Header Files</Filter>
    </ClInclude>
    <ClInclude Include="UserPanel.h">
      <Filter>Header Files</Filter>
    </ClInclude>
    <ClInclude Include="Image.h">
      <Filter>Header Files</Filter>
    </ClInclude>
    <ClInclude Include="ImageId.h">
      <Filter>Header Files</Filter>
    </ClInclude>
    <ClInclude Include="Theme.h">
      <Filter>Header Files</Filter>
    </ClInclude>
    <ClInclude Include="ProfileWindow.h">
      <Filter>Profile</Filter>
    </ClInclude>
    <ClInclude Include="ProfilePanel.h">
      <Filter>Profile</Filter>
    </ClInclude>
    <ClInclude Include="ProfileDialog.h">
      <Filter>Profile</Filter>
    </ClInclude>
    <ClInclude Include="Profile.h">
      <Filter>Profile</Filter>
    </ClInclude>
  </ItemGroup>
  <ItemGroup>
    <ResourceCompile Include="Resource.rc">
      <Filter>Resource Files</Filter>
    </ResourceCompile>
  </ItemGroup>
</Project>